
Microsoft Visual Studio Solution File, Format Version 12.00
# Visual Studio Version 17
VisualStudioVersion = 17.14.36203.30 d17.14
MinimumVisualStudioVersion = 10.0.40219.1
Project("{FAE04EC0-301F-11D3-BF4B-00C04F79EFBC}") = "MapMethodsRouting", "MapMethodsRouting\MapMethodsRouting.csproj", "{C0EAE159-F68D-4104-9FBD-4CBC1572E75E}"
EndProject
Global
	GlobalSection(SolutionConfigurationPlatforms) = preSolution
		Debug|Any CPU = Debug|Any CPU
		Release|Any CPU = Release|Any CPU
	EndGlobalSection
	GlobalSection(ProjectConfigurationPlatforms) = postSolution
		{C0EAE159-F68D-4104-9FBD-4CBC1572E75E}.Debug|Any CPU.ActiveCfg = Debug|Any CPU
		{C0EAE159-F68D-4104-9FBD-4CBC1572E75E}.Debug|Any CPU.Build.0 = Debug|Any CPU
		{C0EAE159-F68D-4104-9FBD-4CBC1572E75E}.Release|Any CPU.ActiveCfg = Release|Any CPU
		{C0EAE159-F68D-4104-9FBD-4CBC1572E75E}.Release|Any CPU.Build.0 = Release|Any CPU
	EndGlobalSection
	GlobalSection(SolutionProperties) = preSolution
		HideSolutionNode = FALSE
	EndGlobalSection
	GlobalSection(ExtensibilityGlobals) = postSolution
		SolutionGuid = {0FC45F97-1EAC-4A99-95F4-828FB74BE8F2}
	EndGlobalSection
EndGlobal
