
Microsoft Visual Studio Solution File, Format Version 12.00
# Visual Studio Version 17
VisualStudioVersion = 17.14.36203.30 d17.14
MinimumVisualStudioVersion = 10.0.40219.1
Project("{FAE04EC0-301F-11D3-BF4B-00C04F79EFBC}") = "ModelBindingASPCore", "ModelBindingASPCore\ModelBindingASPCore.csproj", "{FD6F403A-3EDD-487B-B7A8-1595A9A3E986}"
EndProject
Global
	GlobalSection(SolutionConfigurationPlatforms) = preSolution
		Debug|Any CPU = Debug|Any CPU
		Release|Any CPU = Release|Any CPU
	EndGlobalSection
	GlobalSection(ProjectConfigurationPlatforms) = postSolution
		{FD6F403A-3EDD-487B-B7A8-1595A9A3E986}.Debug|Any CPU.ActiveCfg = Debug|Any CPU
		{FD6F403A-3EDD-487B-B7A8-1595A9A3E986}.Debug|Any CPU.Build.0 = Debug|Any CPU
		{FD6F403A-3EDD-487B-B7A8-1595A9A3E986}.Release|Any CPU.ActiveCfg = Release|Any CPU
		{FD6F403A-3EDD-487B-B7A8-1595A9A3E986}.Release|Any CPU.Build.0 = Release|Any CPU
	EndGlobalSection
	GlobalSection(SolutionProperties) = preSolution
		HideSolutionNode = FALSE
	EndGlobalSection
	GlobalSection(ExtensibilityGlobals) = postSolution
		SolutionGuid = {D52D8E6B-2E00-48D4-AE9D-24ACF27701D5}
	EndGlobalSection
EndGlobal
